// !$*UTF8*$!
{
	archiveVersion = 1;
	classes = {
	};
	objectVersion = 46;
	objects = {

/* Begin PBXBuildFile section */
		096A347C6E100DB6D31A9DD9 /* libPods-MicroCommunity.a in Frameworks */ = {isa = PBXBuildFile; fileRef = CAC63FF05B03C14F974842D4 /* libPods-MicroCommunity.a */; };
		5D3298FB1A47C3C90043AF1D /* ContentTableViewCell.m in Sources */ = {isa = PBXBuildFile; fileRef = 5D3298FA1A47C3C90043AF1D /* ContentTableViewCell.m */; };
		5D3299121A47FE580043AF1D /* GCPlaceholderTextView.m in Sources */ = {isa = PBXBuildFile; fileRef = 5D3299111A47FE580043AF1D /* GCPlaceholderTextView.m */; };
		5D32991A1A4801A00043AF1D /* InfoEntityModel.m in Sources */ = {isa = PBXBuildFile; fileRef = 5D3299191A4801A00043AF1D /* InfoEntityModel.m */; };
		5D32991D1A4801B70043AF1D /* ACDBManager.m in Sources */ = {isa = PBXBuildFile; fileRef = 5D32991C1A4801B70043AF1D /* ACDBManager.m */; };
		5D3299221A4801F80043AF1D /* UIViewController+TopBarMessage.m in Sources */ = {isa = PBXBuildFile; fileRef = 5D3299211A4801F80043AF1D /* UIViewController+TopBarMessage.m */; };
		5D3299271A4802200043AF1D /* NSString+Addition.m in Sources */ = {isa = PBXBuildFile; fileRef = 5D3299241A4802200043AF1D /* NSString+Addition.m */; };
		5D3299281A4802200043AF1D /* NSString+Color.m in Sources */ = {isa = PBXBuildFile; fileRef = 5D3299261A4802200043AF1D /* NSString+Color.m */; };
		5D32992B1A48022D0043AF1D /* UIColor+Addition.m in Sources */ = {isa = PBXBuildFile; fileRef = 5D32992A1A48022D0043AF1D /* UIColor+Addition.m */; };
		5D32992E1A4802DB0043AF1D /* EntityCategoryModel.m in Sources */ = {isa = PBXBuildFile; fileRef = 5D32992D1A4802DB0043AF1D /* EntityCategoryModel.m */; };
		5D3299331A480EA90043AF1D /* EditCategoryTableViewController.m in Sources */ = {isa = PBXBuildFile; fileRef = 5D3299321A480EA90043AF1D /* EditCategoryTableViewController.m */; };
		5D32993B1A4816D00043AF1D /* AnyCheckDB.sqlite in Resources */ = {isa = PBXBuildFile; fileRef = 5D32993A1A4816D00043AF1D /* AnyCheckDB.sqlite */; };
		5D3299401A4818160043AF1D /* ACDataBaseUpGrade.m in Sources */ = {isa = PBXBuildFile; fileRef = 5D32993E1A4818160043AF1D /* ACDataBaseUpGrade.m */; };
		5D3299411A4818160043AF1D /* DataBaseUpGradeRecord.plist in Resources */ = {isa = PBXBuildFile; fileRef = 5D32993F1A4818160043AF1D /* DataBaseUpGradeRecord.plist */; };
		5D3299451A481E880043AF1D /* EditEntityViewController.m in Sources */ = {isa = PBXBuildFile; fileRef = 5D3299441A481E880043AF1D /* EditEntityViewController.m */; };
		5D7554311A456B1C00CF80DB /* main.m in Sources */ = {isa = PBXBuildFile; fileRef = 5D7554301A456B1C00CF80DB /* main.m */; };
		5D7554341A456B1C00CF80DB /* AppDelegate.m in Sources */ = {isa = PBXBuildFile; fileRef = 5D7554331A456B1C00CF80DB /* AppDelegate.m */; };
		5D7554371A456B1C00CF80DB /* ViewController.m in Sources */ = {isa = PBXBuildFile; fileRef = 5D7554361A456B1C00CF80DB /* ViewController.m */; };
		5D75543A1A456B1C00CF80DB /* Main.storyboard in Resources */ = {isa = PBXBuildFile; fileRef = 5D7554381A456B1C00CF80DB /* Main.storyboard */; };
		5D75543C1A456B1C00CF80DB /* Images.xcassets in Resources */ = {isa = PBXBuildFile; fileRef = 5D75543B1A456B1C00CF80DB /* Images.xcassets */; };
		5D75543F1A456B1C00CF80DB /* LaunchScreen.xib in Resources */ = {isa = PBXBuildFile; fileRef = 5D75543D1A456B1C00CF80DB /* LaunchScreen.xib */; };
		5D75544B1A456B1C00CF80DB /* MicroCommunityTests.m in Sources */ = {isa = PBXBuildFile; fileRef = 5D75544A1A456B1C00CF80DB /* MicroCommunityTests.m */; };
		5D9BE0201A4A541F009799B5 /* Data.txt in Resources */ = {isa = PBXBuildFile; fileRef = 5D9BE01F1A4A541F009799B5 /* Data.txt */; };
		5D9C71131A4906AB00A7A939 /* AddCategoryViewController.m in Sources */ = {isa = PBXBuildFile; fileRef = 5D9C71121A4906AB00A7A939 /* AddCategoryViewController.m */; };
		5DEE2ACE1A5A99CF00676E3F /* Data1.txt in Resources */ = {isa = PBXBuildFile; fileRef = 5DEE2ACD1A5A99CF00676E3F /* Data1.txt */; };
/* End PBXBuildFile section */

/* Begin PBXContainerItemProxy section */
		5D7554451A456B1C00CF80DB /* PBXContainerItemProxy */ = {
			isa = PBXContainerItemProxy;
			containerPortal = 5D7554231A456B1C00CF80DB /* Project object */;
			proxyType = 1;
			remoteGlobalIDString = 5D75542A1A456B1C00CF80DB;
			remoteInfo = MicroCommunity;
		};
/* End PBXContainerItemProxy section */

/* Begin PBXFileReference section */
		3872FD6D36EE76FCD7310AB9 /* Pods-MicroCommunity.debug.xcconfig */ = {isa = PBXFileReference; includeInIndex = 1; lastKnownFileType = text.xcconfig; name = "Pods-MicroCommunity.debug.xcconfig"; path = "Pods/Target Support Files/Pods-MicroCommunity/Pods-MicroCommunity.debug.xcconfig"; sourceTree = "<group>"; };
		5D3298F91A47C3C90043AF1D /* ContentTableViewCell.h */ = {isa = PBXFileReference; fileEncoding = 4; lastKnownFileType = sourcecode.c.h; path = ContentTableViewCell.h; sourceTree = "<group>"; };
		5D3298FA1A47C3C90043AF1D /* ContentTableViewCell.m */ = {isa = PBXFileReference; fileEncoding = 4; lastKnownFileType = sourcecode.c.objc; path = ContentTableViewCell.m; sourceTree = "<group>"; };
		5D3299101A47FE580043AF1D /* GCPlaceholderTextView.h */ = {isa = PBXFileReference; fileEncoding = 4; lastKnownFileType = sourcecode.c.h; path = GCPlaceholderTextView.h; sourceTree = "<group>"; };
		5D3299111A47FE580043AF1D /* GCPlaceholderTextView.m */ = {isa = PBXFileReference; fileEncoding = 4; lastKnownFileType = sourcecode.c.objc; path = GCPlaceholderTextView.m; sourceTree = "<group>"; };
		5D3299181A4801A00043AF1D /* InfoEntityModel.h */ = {isa = PBXFileReference; fileEncoding = 4; lastKnownFileType = sourcecode.c.h; path = InfoEntityModel.h; sourceTree = "<group>"; };
		5D3299191A4801A00043AF1D /* InfoEntityModel.m */ = {isa = PBXFileReference; fileEncoding = 4; lastKnownFileType = sourcecode.c.objc; path = InfoEntityModel.m; sourceTree = "<group>"; };
		5D32991B1A4801B70043AF1D /* ACDBManager.h */ = {isa = PBXFileReference; fileEncoding = 4; lastKnownFileType = sourcecode.c.h; path = ACDBManager.h; sourceTree = "<group>"; };
		5D32991C1A4801B70043AF1D /* ACDBManager.m */ = {isa = PBXFileReference; fileEncoding = 4; lastKnownFileType = sourcecode.c.objc; path = ACDBManager.m; sourceTree = "<group>"; };
		5D3299201A4801F80043AF1D /* UIViewController+TopBarMessage.h */ = {isa = PBXFileReference; fileEncoding = 4; lastKnownFileType = sourcecode.c.h; path = "UIViewController+TopBarMessage.h"; sourceTree = "<group>"; };
		5D3299211A4801F80043AF1D /* UIViewController+TopBarMessage.m */ = {isa = PBXFileReference; fileEncoding = 4; lastKnownFileType = sourcecode.c.objc; path = "UIViewController+TopBarMessage.m"; sourceTree = "<group>"; };
		5D3299231A4802200043AF1D /* NSString+Addition.h */ = {isa = PBXFileReference; fileEncoding = 4; lastKnownFileType = sourcecode.c.h; path = "NSString+Addition.h"; sourceTree = "<group>"; };
		5D3299241A4802200043AF1D /* NSString+Addition.m */ = {isa = PBXFileReference; fileEncoding = 4; lastKnownFileType = sourcecode.c.objc; path = "NSString+Addition.m"; sourceTree = "<group>"; };
		5D3299251A4802200043AF1D /* NSString+Color.h */ = {isa = PBXFileReference; fileEncoding = 4; lastKnownFileType = sourcecode.c.h; path = "NSString+Color.h"; sourceTree = "<group>"; };
		5D3299261A4802200043AF1D /* NSString+Color.m */ = {isa = PBXFileReference; fileEncoding = 4; lastKnownFileType = sourcecode.c.objc; path = "NSString+Color.m"; sourceTree = "<group>"; };
		5D3299291A48022D0043AF1D /* UIColor+Addition.h */ = {isa = PBXFileReference; fileEncoding = 4; lastKnownFileType = sourcecode.c.h; path = "UIColor+Addition.h"; sourceTree = "<group>"; };
		5D32992A1A48022D0043AF1D /* UIColor+Addition.m */ = {isa = PBXFileReference; fileEncoding = 4; lastKnownFileType = sourcecode.c.objc; path = "UIColor+Addition.m"; sourceTree = "<group>"; };
		5D32992C1A4802DB0043AF1D /* EntityCategoryModel.h */ = {isa = PBXFileReference; fileEncoding = 4; lastKnownFileType = sourcecode.c.h; path = EntityCategoryModel.h; sourceTree = "<group>"; };
		5D32992D1A4802DB0043AF1D /* EntityCategoryModel.m */ = {isa = PBXFileReference; fileEncoding = 4; lastKnownFileType = sourcecode.c.objc; path = EntityCategoryModel.m; sourceTree = "<group>"; };
		5D3299311A480EA90043AF1D /* EditCategoryTableViewController.h */ = {isa = PBXFileReference; fileEncoding = 4; lastKnownFileType = sourcecode.c.h; path = EditCategoryTableViewController.h; sourceTree = "<group>"; };
		5D3299321A480EA90043AF1D /* EditCategoryTableViewController.m */ = {isa = PBXFileReference; fileEncoding = 4; lastKnownFileType = sourcecode.c.objc; path = EditCategoryTableViewController.m; sourceTree = "<group>"; };
		5D32993A1A4816D00043AF1D /* AnyCheckDB.sqlite */ = {isa = PBXFileReference; lastKnownFileType = file; path = AnyCheckDB.sqlite; sourceTree = "<group>"; };
		5D32993D1A4818160043AF1D /* ACDataBaseUpGrade.h */ = {isa = PBXFileReference; fileEncoding = 4; lastKnownFileType = sourcecode.c.h; path = ACDataBaseUpGrade.h; sourceTree = "<group>"; };
		5D32993E1A4818160043AF1D /* ACDataBaseUpGrade.m */ = {isa = PBXFileReference; fileEncoding = 4; lastKnownFileType = sourcecode.c.objc; path = ACDataBaseUpGrade.m; sourceTree = "<group>"; };
		5D32993F1A4818160043AF1D /* DataBaseUpGradeRecord.plist */ = {isa = PBXFileReference; fileEncoding = 4; lastKnownFileType = text.plist.xml; path = DataBaseUpGradeRecord.plist; sourceTree = "<group>"; };
		5D3299431A481E880043AF1D /* EditEntityViewController.h */ = {isa = PBXFileReference; fileEncoding = 4; lastKnownFileType = sourcecode.c.h; path = EditEntityViewController.h; sourceTree = "<group>"; };
		5D3299441A481E880043AF1D /* EditEntityViewController.m */ = {isa = PBXFileReference; fileEncoding = 4; lastKnownFileType = sourcecode.c.objc; path = EditEntityViewController.m; sourceTree = "<group>"; };
		5D75542B1A456B1C00CF80DB /* MicroCommunity.app */ = {isa = PBXFileReference; explicitFileType = wrapper.application; includeInIndex = 0; path = MicroCommunity.app; sourceTree = BUILT_PRODUCTS_DIR; };
		5D75542F1A456B1C00CF80DB /* Info.plist */ = {isa = PBXFileReference; lastKnownFileType = text.plist.xml; path = Info.plist; sourceTree = "<group>"; };
		5D7554301A456B1C00CF80DB /* main.m */ = {isa = PBXFileReference; lastKnownFileType = sourcecode.c.objc; path = main.m; sourceTree = "<group>"; };
		5D7554321A456B1C00CF80DB /* AppDelegate.h */ = {isa = PBXFileReference; lastKnownFileType = sourcecode.c.h; path = AppDelegate.h; sourceTree = "<group>"; };
		5D7554331A456B1C00CF80DB /* AppDelegate.m */ = {isa = PBXFileReference; lastKnownFileType = sourcecode.c.objc; path = AppDelegate.m; sourceTree = "<group>"; };
		5D7554351A456B1C00CF80DB /* ViewController.h */ = {isa = PBXFileReference; lastKnownFileType = sourcecode.c.h; path = ViewController.h; sourceTree = "<group>"; };
		5D7554361A456B1C00CF80DB /* ViewController.m */ = {isa = PBXFileReference; lastKnownFileType = sourcecode.c.objc; path = ViewController.m; sourceTree = "<group>"; };
		5D7554391A456B1C00CF80DB /* Base */ = {isa = PBXFileReference; lastKnownFileType = file.storyboard; name = Base; path = Base.lproj/Main.storyboard; sourceTree = "<group>"; };
		5D75543B1A456B1C00CF80DB /* Images.xcassets */ = {isa = PBXFileReference; lastKnownFileType = folder.assetcatalog; path = Images.xcassets; sourceTree = "<group>"; };
		5D75543E1A456B1C00CF80DB /* Base */ = {isa = PBXFileReference; lastKnownFileType = file.xib; name = Base; path = Base.lproj/LaunchScreen.xib; sourceTree = "<group>"; };
		5D7554441A456B1C00CF80DB /* MicroCommunityTests.xctest */ = {isa = PBXFileReference; explicitFileType = wrapper.cfbundle; includeInIndex = 0; path = MicroCommunityTests.xctest; sourceTree = BUILT_PRODUCTS_DIR; };
		5D7554491A456B1C00CF80DB /* Info.plist */ = {isa = PBXFileReference; lastKnownFileType = text.plist.xml; path = Info.plist; sourceTree = "<group>"; };
		5D75544A1A456B1C00CF80DB /* MicroCommunityTests.m */ = {isa = PBXFileReference; lastKnownFileType = sourcecode.c.objc; path = MicroCommunityTests.m; sourceTree = "<group>"; };
		5D9BE01F1A4A541F009799B5 /* Data.txt */ = {isa = PBXFileReference; fileEncoding = 4; lastKnownFileType = text; path = Data.txt; sourceTree = "<group>"; };
		5D9C71111A4906AB00A7A939 /* AddCategoryViewController.h */ = {isa = PBXFileReference; fileEncoding = 4; lastKnownFileType = sourcecode.c.h; path = AddCategoryViewController.h; sourceTree = "<group>"; };
		5D9C71121A4906AB00A7A939 /* AddCategoryViewController.m */ = {isa = PBXFileReference; fileEncoding = 4; lastKnownFileType = sourcecode.c.objc; path = AddCategoryViewController.m; sourceTree = "<group>"; };
		5DEE2ACD1A5A99CF00676E3F /* Data1.txt */ = {isa = PBXFileReference; fileEncoding = 4; lastKnownFileType = text; path = Data1.txt; sourceTree = "<group>"; };
		CAC63FF05B03C14F974842D4 /* libPods-MicroCommunity.a */ = {isa = PBXFileReference; explicitFileType = archive.ar; includeInIndex = 0; path = "libPods-MicroCommunity.a"; sourceTree = BUILT_PRODUCTS_DIR; };
		D57543203E90655629ACE4DC /* Pods-MicroCommunity.release.xcconfig */ = {isa = PBXFileReference; includeInIndex = 1; lastKnownFileType = text.xcconfig; name = "Pods-MicroCommunity.release.xcconfig"; path = "Pods/Target Support Files/Pods-MicroCommunity/Pods-MicroCommunity.release.xcconfig"; sourceTree = "<group>"; };
/* End PBXFileReference section */

/* Begin PBXFrameworksBuildPhase section */
		5D7554281A456B1C00CF80DB /* Frameworks */ = {
			isa = PBXFrameworksBuildPhase;
			buildActionMask = 2147483647;
			files = (
				096A347C6E100DB6D31A9DD9 /* libPods-MicroCommunity.a in Frameworks */,
			);
			runOnlyForDeploymentPostprocessing = 0;
		};
		5D7554411A456B1C00CF80DB /* Frameworks */ = {
			isa = PBXFrameworksBuildPhase;
			buildActionMask = 2147483647;
			files = (
			);
			runOnlyForDeploymentPostprocessing = 0;
		};
/* End PBXFrameworksBuildPhase section */

/* Begin PBXGroup section */
		5D32990F1A47FE580043AF1D /* GCPlaceholderTextView */ = {
			isa = PBXGroup;
			children = (
				5D3299101A47FE580043AF1D /* GCPlaceholderTextView.h */,
				5D3299111A47FE580043AF1D /* GCPlaceholderTextView.m */,
			);
			path = GCPlaceholderTextView;
			sourceTree = "<group>";
		};
		5D3299171A48015F0043AF1D /* Model */ = {
			isa = PBXGroup;
			children = (
				5D32993C1A4818160043AF1D /* DBUpgrade */,
				5D32991B1A4801B70043AF1D /* ACDBManager.h */,
				5D32991C1A4801B70043AF1D /* ACDBManager.m */,
				5D3299181A4801A00043AF1D /* InfoEntityModel.h */,
				5D3299191A4801A00043AF1D /* InfoEntityModel.m */,
				5D32992C1A4802DB0043AF1D /* EntityCategoryModel.h */,
				5D32992D1A4802DB0043AF1D /* EntityCategoryModel.m */,
			);
			path = Model;
			sourceTree = "<group>";
		};
		5D32991E1A4801EA0043AF1D /* Categories */ = {
			isa = PBXGroup;
			children = (
				5D3299291A48022D0043AF1D /* UIColor+Addition.h */,
				5D32992A1A48022D0043AF1D /* UIColor+Addition.m */,
				5D3299231A4802200043AF1D /* NSString+Addition.h */,
				5D3299241A4802200043AF1D /* NSString+Addition.m */,
				5D3299251A4802200043AF1D /* NSString+Color.h */,
				5D3299261A4802200043AF1D /* NSString+Color.m */,
				5D32991F1A4801F80043AF1D /* TopBarMsg+UIViewController */,
			);
			path = Categories;
			sourceTree = "<group>";
		};
		5D32991F1A4801F80043AF1D /* TopBarMsg+UIViewController */ = {
			isa = PBXGroup;
			children = (
				5D3299201A4801F80043AF1D /* UIViewController+TopBarMessage.h */,
				5D3299211A4801F80043AF1D /* UIViewController+TopBarMessage.m */,
			);
			path = "TopBarMsg+UIViewController";
			sourceTree = "<group>";
		};
		5D3299371A480EEE0043AF1D /* EditCategory */ = {
			isa = PBXGroup;
			children = (
				5D3299311A480EA90043AF1D /* EditCategoryTableViewController.h */,
				5D3299321A480EA90043AF1D /* EditCategoryTableViewController.m */,
				5D9C71111A4906AB00A7A939 /* AddCategoryViewController.h */,
				5D9C71121A4906AB00A7A939 /* AddCategoryViewController.m */,
			);
			name = EditCategory;
			sourceTree = "<group>";
		};
		5D32993C1A4818160043AF1D /* DBUpgrade */ = {
			isa = PBXGroup;
			children = (
				5D32993D1A4818160043AF1D /* ACDataBaseUpGrade.h */,
				5D32993E1A4818160043AF1D /* ACDataBaseUpGrade.m */,
				5D32993F1A4818160043AF1D /* DataBaseUpGradeRecord.plist */,
			);
			path = DBUpgrade;
			sourceTree = "<group>";
		};
		5D3299421A481E1F0043AF1D /* EditEntity */ = {
			isa = PBXGroup;
			children = (
				5D3299431A481E880043AF1D /* EditEntityViewController.h */,
				5D3299441A481E880043AF1D /* EditEntityViewController.m */,
			);
			path = EditEntity;
			sourceTree = "<group>";
		};
		5D7554221A456B1C00CF80DB = {
			isa = PBXGroup;
			children = (
				5D75542D1A456B1C00CF80DB /* MicroCommunity */,
				5D7554471A456B1C00CF80DB /* MicroCommunityTests */,
				5D75542C1A456B1C00CF80DB /* Products */,
				6337FE3FAEF89451FA8819E6 /* Pods */,
				EC8E4A80B6D087A83D6F6654 /* Frameworks */,
			);
			sourceTree = "<group>";
		};
		5D75542C1A456B1C00CF80DB /* Products */ = {
			isa = PBXGroup;
			children = (
				5D75542B1A456B1C00CF80DB /* MicroCommunity.app */,
				5D7554441A456B1C00CF80DB /* MicroCommunityTests.xctest */,
			);
			name = Products;
			sourceTree = "<group>";
		};
		5D75542D1A456B1C00CF80DB /* MicroCommunity */ = {
			isa = PBXGroup;
			children = (
				5D32991E1A4801EA0043AF1D /* Categories */,
				5D3299171A48015F0043AF1D /* Model */,
				5D32990F1A47FE580043AF1D /* GCPlaceholderTextView */,
				5D7554321A456B1C00CF80DB /* AppDelegate.h */,
				5D7554331A456B1C00CF80DB /* AppDelegate.m */,
				5D7554351A456B1C00CF80DB /* ViewController.h */,
				5D7554361A456B1C00CF80DB /* ViewController.m */,
				5D9BE01F1A4A541F009799B5 /* Data.txt */,
				5DEE2ACD1A5A99CF00676E3F /* Data1.txt */,
				5D3298F91A47C3C90043AF1D /* ContentTableViewCell.h */,
				5D3298FA1A47C3C90043AF1D /* ContentTableViewCell.m */,
				5D3299371A480EEE0043AF1D /* EditCategory */,
				5D7554381A456B1C00CF80DB /* Main.storyboard */,
				5D3299421A481E1F0043AF1D /* EditEntity */,
				5D75543B1A456B1C00CF80DB /* Images.xcassets */,
				5D75543D1A456B1C00CF80DB /* LaunchScreen.xib */,
				5D32993A1A4816D00043AF1D /* AnyCheckDB.sqlite */,
				5D75542E1A456B1C00CF80DB /* Supporting Files */,
			);
			path = MicroCommunity;
			sourceTree = "<group>";
		};
		5D75542E1A456B1C00CF80DB /* Supporting Files */ = {
			isa = PBXGroup;
			children = (
				5D75542F1A456B1C00CF80DB /* Info.plist */,
				5D7554301A456B1C00CF80DB /* main.m */,
			);
			name = "Supporting Files";
			sourceTree = "<group>";
		};
		5D7554471A456B1C00CF80DB /* MicroCommunityTests */ = {
			isa = PBXGroup;
			children = (
				5D75544A1A456B1C00CF80DB /* MicroCommunityTests.m */,
				5D7554481A456B1C00CF80DB /* Supporting Files */,
			);
			path = MicroCommunityTests;
			sourceTree = "<group>";
		};
		5D7554481A456B1C00CF80DB /* Supporting Files */ = {
			isa = PBXGroup;
			children = (
				5D7554491A456B1C00CF80DB /* Info.plist */,
			);
			name = "Supporting Files";
			sourceTree = "<group>";
		};
		6337FE3FAEF89451FA8819E6 /* Pods */ = {
			isa = PBXGroup;
			children = (
				3872FD6D36EE76FCD7310AB9 /* Pods-MicroCommunity.debug.xcconfig */,
				D57543203E90655629ACE4DC /* Pods-MicroCommunity.release.xcconfig */,
			);
			name = Pods;
			sourceTree = "<group>";
		};
		EC8E4A80B6D087A83D6F6654 /* Frameworks */ = {
			isa = PBXGroup;
			children = (
				CAC63FF05B03C14F974842D4 /* libPods-MicroCommunity.a */,
			);
			name = Frameworks;
			sourceTree = "<group>";
		};
/* End PBXGroup section */

/* Begin PBXNativeTarget section */
		5D75542A1A456B1C00CF80DB /* MicroCommunity */ = {
			isa = PBXNativeTarget;
			buildConfigurationList = 5D75544E1A456B1C00CF80DB /* Build configuration list for PBXNativeTarget "MicroCommunity" */;
			buildPhases = (
				7888EDA34AF53A120B1BF6A1 /* Check Pods Manifest.lock */,
				5D7554271A456B1C00CF80DB /* Sources */,
				5D7554281A456B1C00CF80DB /* Frameworks */,
				5D7554291A456B1C00CF80DB /* Resources */,
				B5BAB9B47BFC2E7D4C66AE4A /* Copy Pods Resources */,
			);
			buildRules = (
			);
			dependencies = (
			);
			name = MicroCommunity;
			productName = MicroCommunity;
			productReference = 5D75542B1A456B1C00CF80DB /* MicroCommunity.app */;
			productType = "com.apple.product-type.application";
		};
		5D7554431A456B1C00CF80DB /* MicroCommunityTests */ = {
			isa = PBXNativeTarget;
			buildConfigurationList = 5D7554511A456B1C00CF80DB /* Build configuration list for PBXNativeTarget "MicroCommunityTests" */;
			buildPhases = (
				5D7554401A456B1C00CF80DB /* Sources */,
				5D7554411A456B1C00CF80DB /* Frameworks */,
				5D7554421A456B1C00CF80DB /* Resources */,
			);
			buildRules = (
			);
			dependencies = (
				5D7554461A456B1C00CF80DB /* PBXTargetDependency */,
			);
			name = MicroCommunityTests;
			productName = MicroCommunityTests;
			productReference = 5D7554441A456B1C00CF80DB /* MicroCommunityTests.xctest */;
			productType = "com.apple.product-type.bundle.unit-test";
		};
/* End PBXNativeTarget section */

/* Begin PBXProject section */
		5D7554231A456B1C00CF80DB /* Project object */ = {
			isa = PBXProject;
			attributes = {
				LastUpgradeCheck = 0610;
				ORGANIZATIONNAME = "E-Techco Information Technologies Co., LTD.";
				TargetAttributes = {
					5D75542A1A456B1C00CF80DB = {
						CreatedOnToolsVersion = 6.1.1;
					};
					5D7554431A456B1C00CF80DB = {
						CreatedOnToolsVersion = 6.1.1;
						TestTargetID = 5D75542A1A456B1C00CF80DB;
					};
				};
			};
			buildConfigurationList = 5D7554261A456B1C00CF80DB /* Build configuration list for PBXProject "MicroCommunity" */;
			compatibilityVersion = "Xcode 3.2";
			developmentRegion = English;
			hasScannedForEncodings = 0;
			knownRegions = (
				en,
				Base,
			);
			mainGroup = 5D7554221A456B1C00CF80DB;
			productRefGroup = 5D75542C1A456B1C00CF80DB /* Products */;
			projectDirPath = "";
			projectRoot = "";
			targets = (
				5D75542A1A456B1C00CF80DB /* MicroCommunity */,
				5D7554431A456B1C00CF80DB /* MicroCommunityTests */,
			);
		};
/* End PBXProject section */

/* Begin PBXResourcesBuildPhase section */
		5D7554291A456B1C00CF80DB /* Resources */ = {
			isa = PBXResourcesBuildPhase;
			buildActionMask = 2147483647;
			files = (
				5D75543A1A456B1C00CF80DB /* Main.storyboard in Resources */,
				5D32993B1A4816D00043AF1D /* AnyCheckDB.sqlite in Resources */,
				5D9BE0201A4A541F009799B5 /* Data.txt in Resources */,
				5D75543F1A456B1C00CF80DB /* LaunchScreen.xib in Resources */,
				5DEE2ACE1A5A99CF00676E3F /* Data1.txt in Resources */,
				5D75543C1A456B1C00CF80DB /* Images.xcassets in Resources */,
				5D3299411A4818160043AF1D /* DataBaseUpGradeRecord.plist in Resources */,
			);
			runOnlyForDeploymentPostprocessing = 0;
		};
		5D7554421A456B1C00CF80DB /* Resources */ = {
			isa = PBXResourcesBuildPhase;
			buildActionMask = 2147483647;
			files = (
			);
			runOnlyForDeploymentPostprocessing = 0;
		};
/* End PBXResourcesBuildPhase section */

/* Begin PBXShellScriptBuildPhase section */
		7888EDA34AF53A120B1BF6A1 /* Check Pods Manifest.lock */ = {
			isa = PBXShellScriptBuildPhase;
			buildActionMask = 2147483647;
			files = (
			);
			inputPaths = (
			);
			name = "Check Pods Manifest.lock";
			outputPaths = (
			);
			runOnlyForDeploymentPostprocessing = 0;
			shellPath = /bin/sh;
			shellScript = "diff \"${PODS_ROOT}/../Podfile.lock\" \"${PODS_ROOT}/Manifest.lock\" > /dev/null\nif [[ $? != 0 ]] ; then\n    cat << EOM\nerror: The sandbox is not in sync with the Podfile.lock. Run 'pod install' or update your CocoaPods installation.\nEOM\n    exit 1\nfi\n";
			showEnvVarsInLog = 0;
		};
		B5BAB9B47BFC2E7D4C66AE4A /* Copy Pods Resources */ = {
			isa = PBXShellScriptBuildPhase;
			buildActionMask = 2147483647;
			files = (
			);
			inputPaths = (
			);
			name = "Copy Pods Resources";
			outputPaths = (
			);
			runOnlyForDeploymentPostprocessing = 0;
			shellPath = /bin/sh;
			shellScript = "\"${SRCROOT}/Pods/Target Support Files/Pods-MicroCommunity/Pods-MicroCommunity-resources.sh\"\n";
			showEnvVarsInLog = 0;
		};
/* End PBXShellScriptBuildPhase section */

/* Begin PBXSourcesBuildPhase section */
		5D7554271A456B1C00CF80DB /* Sources */ = {
			isa = PBXSourcesBuildPhase;
			buildActionMask = 2147483647;
			files = (
				5D32992E1A4802DB0043AF1D /* EntityCategoryModel.m in Sources */,
				5D32991A1A4801A00043AF1D /* InfoEntityModel.m in Sources */,
				5D3299271A4802200043AF1D /* NSString+Addition.m in Sources */,
				5D3299221A4801F80043AF1D /* UIViewController+TopBarMessage.m in Sources */,
				5D7554371A456B1C00CF80DB /* ViewController.m in Sources */,
				5D7554341A456B1C00CF80DB /* AppDelegate.m in Sources */,
				5D3299121A47FE580043AF1D /* GCPlaceholderTextView.m in Sources */,
				5D3299451A481E880043AF1D /* EditEntityViewController.m in Sources */,
				5D7554311A456B1C00CF80DB /* main.m in Sources */,
				5D3299281A4802200043AF1D /* NSString+Color.m in Sources */,
				5D3299331A480EA90043AF1D /* EditCategoryTableViewController.m in Sources */,
				5D32992B1A48022D0043AF1D /* UIColor+Addition.m in Sources */,
				5D9C71131A4906AB00A7A939 /* AddCategoryViewController.m in Sources */,
				5D32991D1A4801B70043AF1D /* ACDBManager.m in Sources */,
				5D3298FB1A47C3C90043AF1D /* ContentTableViewCell.m in Sources */,
				5D3299401A4818160043AF1D /* ACDataBaseUpGrade.m in Sources */,
			);
			runOnlyForDeploymentPostprocessing = 0;
		};
		5D7554401A456B1C00CF80DB /* Sources */ = {
			isa = PBXSourcesBuildPhase;
			buildActionMask = 2147483647;
			files = (
				5D75544B1A456B1C00CF80DB /* MicroCommunityTests.m in Sources */,
			);
			runOnlyForDeploymentPostprocessing = 0;
		};
/* End PBXSourcesBuildPhase section */

/* Begin PBXTargetDependency section */
		5D7554461A456B1C00CF80DB /* PBXTargetDependency */ = {
			isa = PBXTargetDependency;
			target = 5D75542A1A456B1C00CF80DB /* MicroCommunity */;
			targetProxy = 5D7554451A456B1C00CF80DB /* PBXContainerItemProxy */;
		};
/* End PBXTargetDependency section */

/* Begin PBXVariantGroup section */
		5D7554381A456B1C00CF80DB /* Main.storyboard */ = {
			isa = PBXVariantGroup;
			children = (
				5D7554391A456B1C00CF80DB /* Base */,
			);
			name = Main.storyboard;
			sourceTree = "<group>";
		};
		5D75543D1A456B1C00CF80DB /* LaunchScreen.xib */ = {
			isa = PBXVariantGroup;
			children = (
				5D75543E1A456B1C00CF80DB /* Base */,
			);
			name = LaunchScreen.xib;
			sourceTree = "<group>";
		};
/* End PBXVariantGroup section */

/* Begin XCBuildConfiguration section */
		5D75544C1A456B1C00CF80DB /* Debug */ = {
			isa = XCBuildConfiguration;
			buildSettings = {
				ALWAYS_SEARCH_USER_PATHS = NO;
				CLANG_CXX_LANGUAGE_STANDARD = "gnu++0x";
				CLANG_CXX_LIBRARY = "libc++";
				CLANG_ENABLE_MODULES = YES;
				CLANG_ENABLE_OBJC_ARC = YES;
				CLANG_WARN_BOOL_CONVERSION = YES;
				CLANG_WARN_CONSTANT_CONVERSION = YES;
				CLANG_WARN_DIRECT_OBJC_ISA_USAGE = YES_ERROR;
				CLANG_WARN_EMPTY_BODY = YES;
				CLANG_WARN_ENUM_CONVERSION = YES;
				CLANG_WARN_INT_CONVERSION = YES;
				CLANG_WARN_OBJC_ROOT_CLASS = YES_ERROR;
				CLANG_WARN_UNREACHABLE_CODE = YES;
				CLANG_WARN__DUPLICATE_METHOD_MATCH = YES;
				CODE_SIGN_IDENTITY = "iPhone Developer: chen zheng (6YRXHV594C)";
				"CODE_SIGN_IDENTITY[sdk=iphoneos*]" = "iPhone Developer: chen zheng (6YRXHV594C)";
				COPY_PHASE_STRIP = NO;
				ENABLE_STRICT_OBJC_MSGSEND = YES;
				GCC_C_LANGUAGE_STANDARD = gnu99;
				GCC_DYNAMIC_NO_PIC = NO;
				GCC_OPTIMIZATION_LEVEL = 0;
				GCC_PREPROCESSOR_DEFINITIONS = (
					"DEBUG=1",
					"$(inherited)",
				);
				GCC_SYMBOLS_PRIVATE_EXTERN = NO;
				GCC_WARN_64_TO_32_BIT_CONVERSION = YES;
				GCC_WARN_ABOUT_RETURN_TYPE = YES_ERROR;
				GCC_WARN_UNDECLARED_SELECTOR = YES;
				GCC_WARN_UNINITIALIZED_AUTOS = YES_AGGRESSIVE;
				GCC_WARN_UNUSED_FUNCTION = YES;
				GCC_WARN_UNUSED_VARIABLE = YES;
				IPHONEOS_DEPLOYMENT_TARGET = 8.1;
				MTL_ENABLE_DEBUG_INFO = YES;
				ONLY_ACTIVE_ARCH = YES;
				PROVISIONING_PROFILE = "";
				SDKROOT = iphoneos;
			};
			name = Debug;
		};
		5D75544D1A456B1C00CF80DB /* Release */ = {
			isa = XCBuildConfiguration;
			buildSettings = {
				ALWAYS_SEARCH_USER_PATHS = NO;
				CLANG_CXX_LANGUAGE_STANDARD = "gnu++0x";
				CLANG_CXX_LIBRARY = "libc++";
				CLANG_ENABLE_MODULES = YES;
				CLANG_ENABLE_OBJC_ARC = YES;
				CLANG_WARN_BOOL_CONVERSION = YES;
				CLANG_WARN_CONSTANT_CONVERSION = YES;
				CLANG_WARN_DIRECT_OBJC_ISA_USAGE = YES_ERROR;
				CLANG_WARN_EMPTY_BODY = YES;
				CLANG_WARN_ENUM_CONVERSION = YES;
				CLANG_WARN_INT_CONVERSION = YES;
				CLANG_WARN_OBJC_ROOT_CLASS = YES_ERROR;
				CLANG_WARN_UNREACHABLE_CODE = YES;
				CLANG_WARN__DUPLICATE_METHOD_MATCH = YES;
				CODE_SIGN_IDENTITY = "iPhone Developer: chen zheng (6YRXHV594C)";
				"CODE_SIGN_IDENTITY[sdk=iphoneos*]" = "iPhone Developer: chen zheng (6YRXHV594C)";
				COPY_PHASE_STRIP = YES;
				ENABLE_NS_ASSERTIONS = NO;
				ENABLE_STRICT_OBJC_MSGSEND = YES;
				GCC_C_LANGUAGE_STANDARD = gnu99;
				GCC_WARN_64_TO_32_BIT_CONVERSION = YES;
				GCC_WARN_ABOUT_RETURN_TYPE = YES_ERROR;
				GCC_WARN_UNDECLARED_SELECTOR = YES;
				GCC_WARN_UNINITIALIZED_AUTOS = YES_AGGRESSIVE;
				GCC_WARN_UNUSED_FUNCTION = YES;
				GCC_WARN_UNUSED_VARIABLE = YES;
				IPHONEOS_DEPLOYMENT_TARGET = 8.1;
				MTL_ENABLE_DEBUG_INFO = NO;
				PROVISIONING_PROFILE = "";
				SDKROOT = iphoneos;
				VALIDATE_PRODUCT = YES;
			};
			name = Release;
		};
		5D75544F1A456B1C00CF80DB /* Debug */ = {
			isa = XCBuildConfiguration;
			baseConfigurationReference = 3872FD6D36EE76FCD7310AB9 /* Pods-MicroCommunity.debug.xcconfig */;
			buildSettings = {
				ASSETCATALOG_COMPILER_APPICON_NAME = AppIcon;
				CODE_SIGN_IDENTITY = "iPhone Developer";
				INFOPLIST_FILE = MicroCommunity/Info.plist;
				IPHONEOS_DEPLOYMENT_TARGET = 8.0;
				LD_RUNPATH_SEARCH_PATHS = "$(inherited) @executable_path/Frameworks";
				PRODUCT_NAME = "$(TARGET_NAME)";
				PROVISIONING_PROFILE = "";
			};
			name = Debug;
		};
		5D7554501A456B1C00CF80DB /* Release */ = {
			isa = XCBuildConfiguration;
			baseConfigurationReference = D57543203E90655629ACE4DC /* Pods-MicroCommunity.release.xcconfig */;
			buildSettings = {
				ASSETCATALOG_COMPILER_APPICON_NAME = AppIcon;
				CODE_SIGN_IDENTITY = "iPhone Developer";
				INFOPLIST_FILE = MicroCommunity/Info.plist;
				IPHONEOS_DEPLOYMENT_TARGET = 8.0;
				LD_RUNPATH_SEARCH_PATHS = "$(inherited) @executable_path/Frameworks";
				PRODUCT_NAME = "$(TARGET_NAME)";
				PROVISIONING_PROFILE = "";
			};
			name = Release;
		};
		5D7554521A456B1C00CF80DB /* Debug */ = {
			isa = XCBuildConfiguration;
			buildSettings = {
				BUNDLE_LOADER = "$(TEST_HOST)";
				FRAMEWORK_SEARCH_PATHS = (
					"$(SDKROOT)/Developer/Library/Frameworks",
					"$(inherited)",
				);
				GCC_PREPROCESSOR_DEFINITIONS = (
					"DEBUG=1",
					"$(inherited)",
				);
				INFOPLIST_FILE = MicroCommunityTests/Info.plist;
				LD_RUNPATH_SEARCH_PATHS = "$(inherited) @executable_path/Frameworks @loader_path/Frameworks";
				PRODUCT_NAME = "$(TARGET_NAME)";
				TEST_HOST = "$(BUILT_PRODUCTS_DIR)/MicroCommunity.app/MicroCommunity";
			};
			name = Debug;
		};
		5D7554531A456B1C00CF80DB /* Release */ = {
			isa = XCBuildConfiguration;
			buildSettings = {
				BUNDLE_LOADER = "$(TEST_HOST)";
				FRAMEWORK_SEARCH_PATHS = (
					"$(SDKROOT)/Developer/Library/Frameworks",
					"$(inherited)",
				);
				INFOPLIST_FILE = MicroCommunityTests/Info.plist;
				LD_RUNPATH_SEARCH_PATHS = "$(inherited) @executable_path/Frameworks @loader_path/Frameworks";
				PRODUCT_NAME = "$(TARGET_NAME)";
				TEST_HOST = "$(BUILT_PRODUCTS_DIR)/MicroCommunity.app/MicroCommunity";
			};
			name = Release;
		};
/* End XCBuildConfiguration section */

/* Begin XCConfigurationList section */
		5D7554261A456B1C00CF80DB /* Build configuration list for PBXProject "MicroCommunity" */ = {
			isa = XCConfigurationList;
			buildConfigurations = (
				5D75544C1A456B1C00CF80DB /* Debug */,
				5D75544D1A456B1C00CF80DB /* Release */,
			);
			defaultConfigurationIsVisible = 0;
			defaultConfigurationName = Release;
		};
		5D75544E1A456B1C00CF80DB /* Build configuration list for PBXNativeTarget "MicroCommunity" */ = {
			isa = XCConfigurationList;
			buildConfigurations = (
				5D75544F1A456B1C00CF80DB /* Debug */,
				5D7554501A456B1C00CF80DB /* Release */,
			);
			defaultConfigurationIsVisible = 0;
			defaultConfigurationName = Release;
		};
		5D7554511A456B1C00CF80DB /* Build configuration list for PBXNativeTarget "MicroCommunityTests" */ = {
			isa = XCConfigurationList;
			buildConfigurations = (
				5D7554521A456B1C00CF80DB /* Debug */,
				5D7554531A456B1C00CF80DB /* Release */,
			);
			defaultConfigurationIsVisible = 0;
			defaultConfigurationName = Release;
		};
/* End XCConfigurationList section */
	};
	rootObject = 5D7554231A456B1C00CF80DB /* Project object */;
}
